// !$*UTF8*$!
{
	archiveVersion = 1;
	classes = {
	};
	objectVersion = 46;
	objects = {

/* Begin PBXBuildFile section */
		236877651ECDE33D00B8AA9B /* AppDelegate.swift in Sources */ = {isa = PBXBuildFile; fileRef = 236877641ECDE33D00B8AA9B /* AppDelegate.swift */; };
		236877671ECDE33D00B8AA9B /* ViewController.swift in Sources */ = {isa = PBXBuildFile; fileRef = 236877661ECDE33D00B8AA9B /* ViewController.swift */; };
		2368776A1ECDE33D00B8AA9B /* Main.storyboard in Resources */ = {isa = PBXBuildFile; fileRef = 236877681ECDE33D00B8AA9B /* Main.storyboard */; };
		2368776D1ECDE33D00B8AA9B /* CBLitePrototype.xcdatamodeld in Sources */ = {isa = PBXBuildFile; fileRef = 2368776B1ECDE33D00B8AA9B /* CBLitePrototype.xcdatamodeld */; };
		2368776F1ECDE33D00B8AA9B /* Assets.xcassets in Resources */ = {isa = PBXBuildFile; fileRef = 2368776E1ECDE33D00B8AA9B /* Assets.xcassets */; };
		236877721ECDE33D00B8AA9B /* LaunchScreen.storyboard in Resources */ = {isa = PBXBuildFile; fileRef = 236877701ECDE33D00B8AA9B /* LaunchScreen.storyboard */; };
/* End PBXBuildFile section */

/* Begin PBXFileReference section */
		236877611ECDE33D00B8AA9B /* CBLitePrototype.app */ = {isa = PBXFileReference; explicitFileType = wrapper.application; includeInIndex = 0; path = CBLitePrototype.app; sourceTree = BUILT_PRODUCTS_DIR; };
		236877641ECDE33D00B8AA9B /* AppDelegate.swift */ = {isa = PBXFileReference; lastKnownFileType = sourcecode.swift; path = AppDelegate.swift; sourceTree = "<group>"; };
		236877661ECDE33D00B8AA9B /* ViewController.swift */ = {isa = PBXFileReference; lastKnownFileType = sourcecode.swift; path = ViewController.swift; sourceTree = "<group>"; };
		236877691ECDE33D00B8AA9B /* Base */ = {isa = PBXFileReference; lastKnownFileType = file.storyboard; name = Base; path = Base.lproj/Main.storyboard; sourceTree = "<group>"; };
		2368776C1ECDE33D00B8AA9B /* CBLitePrototype.xcdatamodel */ = {isa = PBXFileReference; lastKnownFileType = wrapper.xcdatamodel; path = CBLitePrototype.xcdatamodel; sourceTree = "<group>"; };
		2368776E1ECDE33D00B8AA9B /* Assets.xcassets */ = {isa = PBXFileReference; lastKnownFileType = folder.assetcatalog; path = Assets.xcassets; sourceTree = "<group>"; };
		236877711ECDE33D00B8AA9B /* Base */ = {isa = PBXFileReference; lastKnownFileType = file.storyboard; name = Base; path = Base.lproj/LaunchScreen.storyboard; sourceTree = "<group>"; };
		236877731ECDE33D00B8AA9B /* Info.plist */ = {isa = PBXFileReference; lastKnownFileType = text.plist.xml; path = Info.plist; sourceTree = "<group>"; };
/* End PBXFileReference section */

/* Begin PBXFrameworksBuildPhase section */
		2368775E1ECDE33D00B8AA9B /* Frameworks */ = {
			isa = PBXFrameworksBuildPhase;
			buildActionMask = 2147483647;
			files = (
			);
			runOnlyForDeploymentPostprocessing = 0;
		};
/* End PBXFrameworksBuildPhase section */

/* Begin PBXGroup section */
		236877581ECDE33D00B8AA9B = {
			isa = PBXGroup;
			children = (
				236877631ECDE33D00B8AA9B /* CBLitePrototype */,
				236877621ECDE33D00B8AA9B /* Products */,
			);
			sourceTree = "<group>";
		};
		236877621ECDE33D00B8AA9B /* Products */ = {
			isa = PBXGroup;
			children = (
				236877611ECDE33D00B8AA9B /* CBLitePrototype.app */,
			);
			name = Products;
			sourceTree = "<group>";
		};
		236877631ECDE33D00B8AA9B /* CBLitePrototype */ = {
			isa = PBXGroup;
			children = (
				236877641ECDE33D00B8AA9B /* AppDelegate.swift */,
				236877661ECDE33D00B8AA9B /* ViewController.swift */,
				236877681ECDE33D00B8AA9B /* Main.storyboard */,
				2368776E1ECDE33D00B8AA9B /* Assets.xcassets */,
				236877701ECDE33D00B8AA9B /* LaunchScreen.storyboard */,
				236877731ECDE33D00B8AA9B /* Info.plist */,
				2368776B1ECDE33D00B8AA9B /* CBLitePrototype.xcdatamodeld */,
			);
			path = CBLitePrototype;
			sourceTree = "<group>";
		};
/* End PBXGroup section */

/* Begin PBXNativeTarget section */
		236877601ECDE33D00B8AA9B /* CBLitePrototype */ = {
			isa = PBXNativeTarget;
			buildConfigurationList = 236877761ECDE33D00B8AA9B /* Build configuration list for PBXNativeTarget "CBLitePrototype" */;
			buildPhases = (
				2368775D1ECDE33D00B8AA9B /* Sources */,
				2368775E1ECDE33D00B8AA9B /* Frameworks */,
				2368775F1ECDE33D00B8AA9B /* Resources */,
			);
			buildRules = (
			);
			dependencies = (
			);
			name = CBLitePrototype;
			productName = CBLitePrototype;
			productReference = 236877611ECDE33D00B8AA9B /* CBLitePrototype.app */;
			productType = "com.apple.product-type.application";
		};
/* End PBXNativeTarget section */

/* Begin PBXProject section */
		236877591ECDE33D00B8AA9B /* Project object */ = {
			isa = PBXProject;
			attributes = {
				LastSwiftUpdateCheck = 0830;
				LastUpgradeCheck = 0830;
				ORGANIZATIONNAME = "Mati­as Gil";
				TargetAttributes = {
					236877601ECDE33D00B8AA9B = {
						CreatedOnToolsVersion = 8.3.2;
						DevelopmentTeam = PT98H6A5CY;
						ProvisioningStyle = Automatic;
					};
				};
			};
			buildConfigurationList = 2368775C1ECDE33D00B8AA9B /* Build configuration list for PBXProject "CBLitePrototype" */;
			compatibilityVersion = "Xcode 3.2";
			developmentRegion = English;
			hasScannedForEncodings = 0;
			knownRegions = (
				en,
				Base,
			);
			mainGroup = 236877581ECDE33D00B8AA9B;
			productRefGroup = 236877621ECDE33D00B8AA9B /* Products */;
			projectDirPath = "";
			projectRoot = "";
			targets = (
				236877601ECDE33D00B8AA9B /* CBLitePrototype */,
			);
		};
/* End PBXProject section */

/* Begin PBXResourcesBuildPhase section */
		2368775F1ECDE33D00B8AA9B /* Resources */ = {
			isa = PBXResourcesBuildPhase;
			buildActionMask = 2147483647;
			files = (
				236877721ECDE33D00B8AA9B /* LaunchScreen.storyboard in Resources */,
				2368776F1ECDE33D00B8AA9B /* Assets.xcassets in Resources */,
				2368776A1ECDE33D00B8AA9B /* Main.storyboard in Resources */,
			);
			runOnlyForDeploymentPostprocessing = 0;
		};
/* End PBXResourcesBuildPhase section */

/* Begin PBXSourcesBuildPhase section */
		2368775D1ECDE33D00B8AA9B /* Sources */ = {
			isa = PBXSourcesBuildPhase;
			buildActionMask = 2147483647;
			files = (
				2368776D1ECDE33D00B8AA9B /* CBLitePrototype.xcdatamodeld in Sources */,
				236877671ECDE33D00B8AA9B /* ViewController.swift in Sources */,
				236877651ECDE33D00B8AA9B /* AppDelegate.swift in Sources */,
			);
			runOnlyForDeploymentPostprocessing = 0;
		};
/* End PBXSourcesBuildPhase section */

/* Begin PBXVariantGroup section */
		236877681ECDE33D00B8AA9B /* Main.storyboard */ = {
			isa = PBXVariantGroup;
			children = (
				236877691ECDE33D00B8AA9B /* Base */,
			);
			name = Main.storyboard;
			sourceTree = "<group>";
		};
		236877701ECDE33D00B8AA9B /* LaunchScreen.storyboard */ = {
			isa = PBXVariantGroup;
			children = (
				236877711ECDE33D00B8AA9B /* Base */,
			);
			name = LaunchScreen.storyboard;
			sourceTree = "<group>";
		};
/* End PBXVariantGroup section */

/* Begin XCBuildConfiguration section */
		236877741ECDE33D00B8AA9B /* Debug */ = {
			isa = XCBuildConfiguration;
			buildSettings = {
				ALWAYS_SEARCH_USER_PATHS = NO;
				CLANG_ANALYZER_NONNULL = YES;
				CLANG_ANALYZER_NUMBER_OBJECT_CONVERSION = YES_AGGRESSIVE;
				CLANG_CXX_LANGUAGE_STANDARD = "gnu++0x";
				CLANG_CXX_LIBRARY = "libc++";
				CLANG_ENABLE_MODULES = YES;
				CLANG_ENABLE_OBJC_ARC = YES;
				CLANG_WARN_BOOL_CONVERSION = YES;
				CLANG_WARN_CONSTANT_CONVERSION = YES;
				CLANG_WARN_DIRECT_OBJC_ISA_USAGE = YES_ERROR;
				CLANG_WARN_DOCUMENTATION_COMMENTS = YES;
				CLANG_WARN_EMPTY_BODY = YES;
				CLANG_WARN_ENUM_CONVERSION = YES;
				CLANG_WARN_INFINITE_RECURSION = YES;
				CLANG_WARN_INT_CONVERSION = YES;
				CLANG_WARN_OBJC_ROOT_CLASS = YES_ERROR;
				CLANG_WARN_SUSPICIOUS_MOVE = YES;
				CLANG_WARN_UNREACHABLE_CODE = YES;
				CLANG_WARN__DUPLICATE_METHOD_MATCH = YES;
				"CODE_SIGN_IDENTITY[sdk=iphoneos*]" = "iPhone Developer";
				COPY_PHASE_STRIP = NO;
				DEBUG_INFORMATION_FORMAT = dwarf;
				ENABLE_STRICT_OBJC_MSGSEND = YES;
				ENABLE_TESTABILITY = YES;
				GCC_C_LANGUAGE_STANDARD = gnu99;
				GCC_DYNAMIC_NO_PIC = NO;
				GCC_NO_COMMON_BLOCKS = YES;
				GCC_OPTIMIZATION_LEVEL = 0;
				GCC_PREPROCESSOR_DEFINITIONS = (
					"DEBUG=1",
					"$(inherited)",
				);
				GCC_WARN_64_TO_32_BIT_CONVERSION = YES;
				GCC_WARN_ABOUT_RETURN_TYPE = YES_ERROR;
				GCC_WARN_UNDECLARED_SELECTOR = YES;
				GCC_WARN_UNINITIALIZED_AUTOS = YES_AGGRESSIVE;
				GCC_WARN_UNUSED_FUNCTION = YES;
				GCC_WARN_UNUSED_VARIABLE = YES;
				IPHONEOS_DEPLOYMENT_TARGET = 10.3;
				MTL_ENABLE_DEBUG_INFO = YES;
				ONLY_ACTIVE_ARCH = YES;
				SDKROOT = iphoneos;
				SWIFT_ACTIVE_COMPILATION_CONDITIONS = DEBUG;
				SWIFT_OPTIMIZATION_LEVEL = "-Onone";
				TARGETED_DEVICE_FAMILY = "1,2";
			};
			name = Debug;
		};
		236877751ECDE33D00B8AA9B /* Release */ = {
			isa = XCBuildConfiguration;
			buildSettings = {
				ALWAYS_SEARCH_USER_PATHS = NO;
				CLANG_ANALYZER_NONNULL = YES;
				CLANG_ANALYZER_NUMBER_OBJECT_CONVERSION = YES_AGGRESSIVE;
				CLANG_CXX_LANGUAGE_STANDARD = "gnu++0x";
				CLANG_CXX_LIBRARY = "libc++";
				CLANG_ENABLE_MODULES = YES;
				CLANG_ENABLE_OBJC_ARC = YES;
				CLANG_WARN_BOOL_CONVERSION = YES;
				CLANG_WARN_CONSTANT_CONVERSION = YES;
				CLANG_WARN_DIRECT_OBJC_ISA_USAGE = YES_ERROR;
				CLANG_WARN_DOCUMENTATION_COMMENTS = YES;
				CLANG_WARN_EMPTY_BODY = YES;
				CLANG_WARN_ENUM_CONVERSION = YES;
				CLANG_WARN_INFINITE_RECURSION = YES;
				CLANG_WARN_INT_CONVERSION = YES;
				CLANG_WARN_OBJC_ROOT_CLASS = YES_ERROR;
				CLANG_WARN_SUSPICIOUS_MOVE = YES;
				CLANG_WARN_UNREACHABLE_CODE = YES;
				CLANG_WARN__DUPLICATE_METHOD_MATCH = YES;
				"CODE_SIGN_IDENTITY[sdk=iphoneos*]" = "iPhone Developer";
				COPY_PHASE_STRIP = NO;
				DEBUG_INFORMATION_FORMAT = "dwarf-with-dsym";
				ENABLE_NS_ASSERTIONS = NO;
				ENABLE_STRICT_OBJC_MSGSEND = YES;
				GCC_C_LANGUAGE_STANDARD = gnu99;
				GCC_NO_COMMON_BLOCKS = YES;
				GCC_WARN_64_TO_32_BIT_CONVERSION = YES;
				GCC_WARN_ABOUT_RETURN_TYPE = YES_ERROR;
				GCC_WARN_UNDECLARED_SELECTOR = YES;
				GCC_WARN_UNINITIALIZED_AUTOS = YES_AGGRESSIVE;
				GCC_WARN_UNUSED_FUNCTION = YES;
				GCC_WARN_UNUSED_VARIABLE = YES;
				IPHONEOS_DEPLOYMENT_TARGET = 10.3;
				MTL_ENABLE_DEBUG_INFO = NO;
				SDKROOT = iphoneos;
				SWIFT_OPTIMIZATION_LEVEL = "-Owholemodule";
				TARGETED_DEVICE_FAMILY = "1,2";
				VALIDATE_PRODUCT = YES;
			};
			name = Release;
		};
		236877771ECDE33D00B8AA9B /* Debug */ = {
			isa = XCBuildConfiguration;
			buildSettings = {
				ASSETCATALOG_COMPILER_APPICON_NAME = AppIcon;
				DEVELOPMENT_TEAM = PT98H6A5CY;
				INFOPLIST_FILE = CBLitePrototype/Info.plist;
				LD_RUNPATH_SEARCH_PATHS = "$(inherited) @executable_path/Frameworks";
				PRODUCT_BUNDLE_IDENTIFIER = com.matias.gil.CBLitePrototype;
				PRODUCT_NAME = "$(TARGET_NAME)";
				SWIFT_VERSION = 3.0;
			};
			name = Debug;
		};
		236877781ECDE33D00B8AA9B /* Release */ = {
			isa = XCBuildConfiguration;
			buildSettings = {
				ASSETCATALOG_COMPILER_APPICON_NAME = AppIcon;
				DEVELOPMENT_TEAM = PT98H6A5CY;
				INFOPLIST_FILE = CBLitePrototype/Info.plist;
				LD_RUNPATH_SEARCH_PATHS = "$(inherited) @executable_path/Frameworks";
				PRODUCT_BUNDLE_IDENTIFIER = com.matias.gil.CBLitePrototype;
				PRODUCT_NAME = "$(TARGET_NAME)";
				SWIFT_VERSION = 3.0;
			};
			name = Release;
		};
/* End XCBuildConfiguration section */

/* Begin XCConfigurationList section */
		2368775C1ECDE33D00B8AA9B /* Build configuration list for PBXProject "CBLitePrototype" */ = {
			isa = XCConfigurationList;
			buildConfigurations = (
				236877741ECDE33D00B8AA9B /* Debug */,
				236877751ECDE33D00B8AA9B /* Release */,
			);
			defaultConfigurationIsVisible = 0;
			defaultConfigurationName = Release;
		};
		236877761ECDE33D00B8AA9B /* Build configuration list for PBXNativeTarget "CBLitePrototype" */ = {
			isa = XCConfigurationList;
			buildConfigurations = (
				236877771ECDE33D00B8AA9B /* Debug */,
				236877781ECDE33D00B8AA9B /* Release */,
			);
			defaultConfigurationIsVisible = 0;
		};
/* End XCConfigurationList section */

/* Begin XCVersionGroup section */
		2368776B1ECDE33D00B8AA9B /* CBLitePrototype.xcdatamodeld */ = {
			isa = XCVersionGroup;
			children = (
				2368776C1ECDE33D00B8AA9B /* CBLitePrototype.xcdatamodel */,
			);
			currentVersion = 2368776C1ECDE33D00B8AA9B /* CBLitePrototype.xcdatamodel */;
			path = CBLitePrototype.xcdatamodeld;
			sourceTree = "<group>";
			versionGroupType = wrapper.xcdatamodel;
		};
/* End XCVersionGroup section */
	};
	rootObject = 236877591ECDE33D00B8AA9B /* Project object */;
}
